Microsoft Visual Studio Solution File, Format Version 12.00
# Visual Studio Version 17
VisualStudioVersion = 17.5.2.0
MinimumVisualStudioVersion = 10.0.40219.1
Project("{FAE04EC0-301F-11D3-BF4B-00C04F79EFBC}") = "EcommerceChatbot", "EcommerceChatbot\EcommerceChatbot.csproj", "{AB304815-C47B-2D23-6990-A43D8793095B}"
EndProject
Global
	GlobalSection(SolutionConfigurationPlatforms) = preSolution
		Debug|Any CPU = Debug|Any CPU
		Release|Any CPU = Release|Any CPU
	EndGlobalSection
	GlobalSection(ProjectConfigurationPlatforms) = postSolution
		{AB304815-C47B-2D23-6990-A43D8793095B}.Debug|Any CPU.ActiveCfg = Debug|Any CPU
		{AB304815-C47B-2D23-6990-A43D8793095B}.Debug|Any CPU.Build.0 = Debug|Any CPU
		{AB304815-C47B-2D23-6990-A43D8793095B}.Release|Any CPU.ActiveCfg = Release|Any CPU
		{AB304815-C47B-2D23-6990-A43D8793095B}.Release|Any CPU.Build.0 = Release|Any CPU
	EndGlobalSection
	GlobalSection(SolutionProperties) = preSolution
		HideSolutionNode = FALSE
	EndGlobalSection
	GlobalSection(ExtensibilityGlobals) = postSolution
		SolutionGuid = {DBA51A3F-96FB-4688-A4F5-A3FAB8446620}
	EndGlobalSection
EndGlobal
